PODS:
  - AFNetworking (2.5.4):
    - AFNetworking/NSURLConnection (= 2.5.4)
    - AFNetworking/NSURLSession (= 2.5.4)
    - AFNetworking/Reachability (= 2.5.4)
    - AFNetworking/Security (= 2.5.4)
    - AFNetworking/Serialization (= 2.5.4)
    - AFNetworking/UIKit (= 2.5.4)
  - AFNetworking/NSURLConnection (2.5.4):
    - AFNetworking/Reachability
    - AFNetworking/Security
    - AFNetworking/Serialization
  - AFNetworking/NSURLSession (2.5.4):
    - AFNetworking/Reachability
    - AFNetworking/Security
    - AFNetworking/Serialization
  - AFNetworking/Reachability (2.5.4)
  - AFNetworking/Security (2.5.4)
  - AFNetworking/Serialization (2.5.4)
  - iRate (1.11.4)
  - MASPreferences (1.0)
  - OpenSSL (1.0.207)

DEPENDENCIES:
  - AFNetworking
  - iRate
  - MASPreferences (= 1.0)
  - OpenSSL

SPEC CHECKSUMS:
  AFNetworking: 05edc0ac4c4c8cf57bcf4b84be5b0744b6d8e71e
  iRate: 599ed07c854e0695f3c605d1b2a64c67d912acb7
  MASPreferences: 4aeff0267c6ebd3663c65dfc94094156201240f8
  OpenSSL: 26eb46b2836c0dade24fa53276b552f14c6eece1

COCOAPODS: 0.39.0
