// !$*UTF8*$!
{
	archiveVersion = 1;
	classes = {
	};
	objectVersion = 46;
	objects = {

/* Begin PBXBuildFile section */
		4415E4511462F39900953014 /* JSONModeler.m in Sources */ = {isa = PBXBuildFile; fileRef = 4415E4501462F39900953014 /* JSONModeler.m */; };
		441FC4E71462D8E1007BF9DC /* Cocoa.framework in Frameworks */ = {isa = PBXBuildFile; fileRef = 441FC4E61462D8E1007BF9DC /* Cocoa.framework */; };
		441FC4F11462D8E1007BF9DC /* InfoPlist.strings in Resources */ = {isa = PBXBuildFile; fileRef = 441FC4EF1462D8E1007BF9DC /* InfoPlist.strings */; };
		441FC4F31462D8E1007BF9DC /* main.m in Sources */ = {isa = PBXBuildFile; fileRef = 441FC4F21462D8E1007BF9DC /* main.m */; };
		441FC4F71462D8E1007BF9DC /* Credits.rtf in Resources */ = {isa = PBXBuildFile; fileRef = 441FC4F51462D8E1007BF9DC /* Credits.rtf */; };
		441FC4FA1462D8E1007BF9DC /* AppDelegate.m in Sources */ = {isa = PBXBuildFile; fileRef = 441FC4F91462D8E1007BF9DC /* AppDelegate.m */; };
		441FC4FD1462D8E1007BF9DC /* MainMenu.xib in Resources */ = {isa = PBXBuildFile; fileRef = 441FC4FB1462D8E1007BF9DC /* MainMenu.xib */; };
		441FC5051462D8E1007BF9DC /* SenTestingKit.framework in Frameworks */ = {isa = PBXBuildFile; fileRef = 441FC5041462D8E1007BF9DC /* SenTestingKit.framework */; };
		441FC5061462D8E1007BF9DC /* Cocoa.framework in Frameworks */ = {isa = PBXBuildFile; fileRef = 441FC4E61462D8E1007BF9DC /* Cocoa.framework */; };
		441FC50E1462D8E1007BF9DC /* InfoPlist.strings in Resources */ = {isa = PBXBuildFile; fileRef = 441FC50C1462D8E1007BF9DC /* InfoPlist.strings */; };
		441FC5111462D8E1007BF9DC /* JSONModelerTests.m in Sources */ = {isa = PBXBuildFile; fileRef = 441FC5101462D8E1007BF9DC /* JSONModelerTests.m */; };
		441FC5261462DBF6007BF9DC /* JSONFetcher.m in Sources */ = {isa = PBXBuildFile; fileRef = 441FC5251462DBF6007BF9DC /* JSONFetcher.m */; };
		441FC5411462E1CF007BF9DC /* AFHTTPClient.m in Sources */ = {isa = PBXBuildFile; fileRef = 441FC5311462E1CF007BF9DC /* AFHTTPClient.m */; settings = {COMPILER_FLAGS = "-fno-objc-arc"; }; };
		441FC5421462E1CF007BF9DC /* AFHTTPRequestOperation.m in Sources */ = {isa = PBXBuildFile; fileRef = 441FC5331462E1CF007BF9DC /* AFHTTPRequestOperation.m */; settings = {COMPILER_FLAGS = "-fno-objc-arc"; }; };
		441FC5431462E1CF007BF9DC /* AFImageCache.m in Sources */ = {isa = PBXBuildFile; fileRef = 441FC5351462E1CF007BF9DC /* AFImageCache.m */; settings = {COMPILER_FLAGS = "-fno-objc-arc"; }; };
		441FC5441462E1CF007BF9DC /* AFImageRequestOperation.m in Sources */ = {isa = PBXBuildFile; fileRef = 441FC5371462E1CF007BF9DC /* AFImageRequestOperation.m */; settings = {COMPILER_FLAGS = "-fno-objc-arc"; }; };
		441FC5461462E1CF007BF9DC /* AFPropertyListRequestOperation.m in Sources */ = {isa = PBXBuildFile; fileRef = 441FC53C1462E1CF007BF9DC /* AFPropertyListRequestOperation.m */; settings = {COMPILER_FLAGS = "-fno-objc-arc"; }; };
		441FC5471462E1CF007BF9DC /* AFURLConnectionOperation.m in Sources */ = {isa = PBXBuildFile; fileRef = 441FC53E1462E1CF007BF9DC /* AFURLConnectionOperation.m */; settings = {COMPILER_FLAGS = "-fno-objc-arc"; }; };
		441FC5481462E1CF007BF9DC /* AFXMLRequestOperation.m in Sources */ = {isa = PBXBuildFile; fileRef = 441FC5401462E1CF007BF9DC /* AFXMLRequestOperation.m */; settings = {COMPILER_FLAGS = "-fno-objc-arc"; }; };
/* End PBXBuildFile section */

/* Begin PBXContainerItemProxy section */
		441FC5071462D8E1007BF9DC /* PBXContainerItemProxy */ = {
			isa = PBXContainerItemProxy;
			containerPortal = 441FC4D91462D8E1007BF9DC /* Project object */;
			proxyType = 1;
			remoteGlobalIDString = 441FC4E11462D8E1007BF9DC;
			remoteInfo = JSONModeler;
		};
/* End PBXContainerItemProxy section */

/* Begin PBXFileReference section */
		4415E44F1462F39900953014 /* JSONModeler.h */ = {isa = PBXFileReference; fileEncoding = 4; lastKnownFileType = sourcecode.c.h; name = JSONModeler.h; path = ModelController/JSONModeler.h; sourceTree = "<group>"; };
		4415E4501462F39900953014 /* JSONModeler.m */ = {isa = PBXFileReference; fileEncoding = 4; lastKnownFileType = sourcecode.c.objc; name = JSONModeler.m; path = ModelController/JSONModeler.m; sourceTree = "<group>"; };
		441FC4E21462D8E1007BF9DC /* JSONModeler.app */ = {isa = PBXFileReference; explicitFileType = wrapper.application; includeInIndex = 0; path = JSONModeler.app; sourceTree = BUILT_PRODUCTS_DIR; };
		441FC4E61462D8E1007BF9DC /* Cocoa.framework */ = {isa = PBXFileReference; lastKnownFileType = wrapper.framework; name = Cocoa.framework; path = System/Library/Frameworks/Cocoa.framework; sourceTree = SDKROOT; };
		441FC4E91462D8E1007BF9DC /* AppKit.framework */ = {isa = PBXFileReference; lastKnownFileType = wrapper.framework; name = AppKit.framework; path = System/Library/Frameworks/AppKit.framework; sourceTree = SDKROOT; };
		441FC4EA1462D8E1007BF9DC /* CoreData.framework */ = {isa = PBXFileReference; lastKnownFileType = wrapper.framework; name = CoreData.framework; path = System/Library/Frameworks/CoreData.framework; sourceTree = SDKROOT; };
		441FC4EB1462D8E1007BF9DC /* Foundation.framework */ = {isa = PBXFileReference; lastKnownFileType = wrapper.framework; name = Foundation.framework; path = System/Library/Frameworks/Foundation.framework; sourceTree = SDKROOT; };
		441FC4EE1462D8E1007BF9DC /* JSONModeler-Info.plist */ = {isa = PBXFileReference; lastKnownFileType = text.plist.xml; path = "JSONModeler-Info.plist"; sourceTree = "<group>"; };
		441FC4F01462D8E1007BF9DC /* en */ = {isa = PBXFileReference; lastKnownFileType = text.plist.strings; name = en; path = en.lproj/InfoPlist.strings; sourceTree = "<group>"; };
		441FC4F21462D8E1007BF9DC /* main.m */ = {isa = PBXFileReference; lastKnownFileType = sourcecode.c.objc; path = main.m; sourceTree = "<group>"; };
		441FC4F41462D8E1007BF9DC /* JSONModeler-Prefix.pch */ = {isa = PBXFileReference; lastKnownFileType = sourcecode.c.h; path = "JSONModeler-Prefix.pch"; sourceTree = "<group>"; };
		441FC4F61462D8E1007BF9DC /* en */ = {isa = PBXFileReference; lastKnownFileType = text.rtf; name = en; path = en.lproj/Credits.rtf; sourceTree = "<group>"; };
		441FC4F81462D8E1007BF9DC /* AppDelegate.h */ = {isa = PBXFileReference; lastKnownFileType = sourcecode.c.h; path = AppDelegate.h; sourceTree = "<group>"; };
		441FC4F91462D8E1007BF9DC /* AppDelegate.m */ = {isa = PBXFileReference; lastKnownFileType = sourcecode.c.objc; path = AppDelegate.m; sourceTree = "<group>"; };
		441FC4FC1462D8E1007BF9DC /* en */ = {isa = PBXFileReference; lastKnownFileType = file.xib; name = en; path = en.lproj/MainMenu.xib; sourceTree = "<group>"; };
		441FC5031462D8E1007BF9DC /* JSONModelerTests.octest */ = {isa = PBXFileReference; explicitFileType = wrapper.cfbundle; includeInIndex = 0; path = JSONModelerTests.octest; sourceTree = BUILT_PRODUCTS_DIR; };
		441FC5041462D8E1007BF9DC /* SenTestingKit.framework */ = {isa = PBXFileReference; lastKnownFileType = wrapper.framework; name = SenTestingKit.framework; path = Library/Frameworks/SenTestingKit.framework; sourceTree = DEVELOPER_DIR; };
		441FC50B1462D8E1007BF9DC /* JSONModelerTests-Info.plist */ = {isa = PBXFileReference; lastKnownFileType = text.plist.xml; path = "JSONModelerTests-Info.plist"; sourceTree = "<group>"; };
		441FC50D1462D8E1007BF9DC /* en */ = {isa = PBXFileReference; lastKnownFileType = text.plist.strings; name = en; path = en.lproj/InfoPlist.strings; sourceTree = "<group>"; };
		441FC50F1462D8E1007BF9DC /* JSONModelerTests.h */ = {isa = PBXFileReference; lastKnownFileType = sourcecode.c.h; path = JSONModelerTests.h; sourceTree = "<group>"; };
		441FC5101462D8E1007BF9DC /* JSONModelerTests.m */ = {isa = PBXFileReference; lastKnownFileType = sourcecode.c.objc; path = JSONModelerTests.m; sourceTree = "<group>"; };
		441FC5241462DBF6007BF9DC /* JSONFetcher.h */ = {isa = PBXFileReference; fileEncoding = 4; lastKnownFileType = sourcecode.c.h; name = JSONFetcher.h; path = ModelController/JSONFetcher.h; sourceTree = "<group>"; };
		441FC5251462DBF6007BF9DC /* JSONFetcher.m */ = {isa = PBXFileReference; fileEncoding = 4; lastKnownFileType = sourcecode.c.objc; name = JSONFetcher.m; path = ModelController/JSONFetcher.m; sourceTree = "<group>"; };
		441FC5301462E1CF007BF9DC /* AFHTTPClient.h */ = {isa = PBXFileReference; fileEncoding = 4; lastKnownFileType = sourcecode.c.h; name = AFHTTPClient.h; path = Vendor/AFNetworking/AFHTTPClient.h; sourceTree = "<group>"; };
		441FC5311462E1CF007BF9DC /* AFHTTPClient.m */ = {isa = PBXFileReference; fileEncoding = 4; lastKnownFileType = sourcecode.c.objc; name = AFHTTPClient.m; path = Vendor/AFNetworking/AFHTTPClient.m; sourceTree = "<group>"; };
		441FC5321462E1CF007BF9DC /* AFHTTPRequestOperation.h */ = {isa = PBXFileReference; fileEncoding = 4; lastKnownFileType = sourcecode.c.h; name = AFHTTPRequestOperation.h; path = Vendor/AFNetworking/AFHTTPRequestOperation.h; sourceTree = "<group>"; };
		441FC5331462E1CF007BF9DC /* AFHTTPRequestOperation.m */ = {isa = PBXFileReference; fileEncoding = 4; lastKnownFileType = sourcecode.c.objc; name = AFHTTPRequestOperation.m; path = Vendor/AFNetworking/AFHTTPRequestOperation.m; sourceTree = "<group>"; };
		441FC5341462E1CF007BF9DC /* AFImageCache.h */ = {isa = PBXFileReference; fileEncoding = 4; lastKnownFileType = sourcecode.c.h; name = AFImageCache.h; path = Vendor/AFNetworking/AFImageCache.h; sourceTree = "<group>"; };
		441FC5351462E1CF007BF9DC /* AFImageCache.m */ = {isa = PBXFileReference; fileEncoding = 4; lastKnownFileType = sourcecode.c.objc; name = AFImageCache.m; path = Vendor/AFNetworking/AFImageCache.m; sourceTree = "<group>"; };
		441FC5361462E1CF007BF9DC /* AFImageRequestOperation.h */ = {isa = PBXFileReference; fileEncoding = 4; lastKnownFileType = sourcecode.c.h; name = AFImageRequestOperation.h; path = Vendor/AFNetworking/AFImageRequestOperation.h; sourceTree = "<group>"; };
		441FC5371462E1CF007BF9DC /* AFImageRequestOperation.m */ = {isa = PBXFileReference; fileEncoding = 4; lastKnownFileType = sourcecode.c.objc; name = AFImageRequestOperation.m; path = Vendor/AFNetworking/AFImageRequestOperation.m; sourceTree = "<group>"; };
		441FC53A1462E1CF007BF9DC /* AFNetworking.h */ = {isa = PBXFileReference; fileEncoding = 4; lastKnownFileType = sourcecode.c.h; name = AFNetworking.h; path = Vendor/AFNetworking/AFNetworking.h; sourceTree = "<group>"; };
		441FC53B1462E1CF007BF9DC /* AFPropertyListRequestOperation.h */ = {isa = PBXFileReference; fileEncoding = 4; lastKnownFileType = sourcecode.c.h; name = AFPropertyListRequestOperation.h; path = Vendor/AFNetworking/AFPropertyListRequestOperation.h; sourceTree = "<group>"; };
		441FC53C1462E1CF007BF9DC /* AFPropertyListRequestOperation.m */ = {isa = PBXFileReference; fileEncoding = 4; lastKnownFileType = sourcecode.c.objc; name = AFPropertyListRequestOperation.m; path = Vendor/AFNetworking/AFPropertyListRequestOperation.m; sourceTree = "<group>"; };
		441FC53D1462E1CF007BF9DC /* AFURLConnectionOperation.h */ = {isa = PBXFileReference; fileEncoding = 4; lastKnownFileType = sourcecode.c.h; name = AFURLConnectionOperation.h; path = Vendor/AFNetworking/AFURLConnectionOperation.h; sourceTree = "<group>"; };
		441FC53E1462E1CF007BF9DC /* AFURLConnectionOperation.m */ = {isa = PBXFileReference; fileEncoding = 4; lastKnownFileType = sourcecode.c.objc; name = AFURLConnectionOperation.m; path = Vendor/AFNetworking/AFURLConnectionOperation.m; sourceTree = "<group>"; };
		441FC53F1462E1CF007BF9DC /* AFXMLRequestOperation.h */ = {isa = PBXFileReference; fileEncoding = 4; lastKnownFileType = sourcecode.c.h; name = AFXMLRequestOperation.h; path = Vendor/AFNetworking/AFXMLRequestOperation.h; sourceTree = "<group>"; };
		441FC5401462E1CF007BF9DC /* AFXMLRequestOperation.m */ = {isa = PBXFileReference; fileEncoding = 4; lastKnownFileType = sourcecode.c.objc; name = AFXMLRequestOperation.m; path = Vendor/AFNetworking/AFXMLRequestOperation.m; sourceTree = "<group>"; };
/* End PBXFileReference section */

/* Begin PBXFrameworksBuildPhase section */
		441FC4DF1462D8E1007BF9DC /* Frameworks */ = {
			isa = PBXFrameworksBuildPhase;
			buildActionMask = 2147483647;
			files = (
				441FC4E71462D8E1007BF9DC /* Cocoa.framework in Frameworks */,
			);
			runOnlyForDeploymentPostprocessing = 0;
		};
		441FC4FF1462D8E1007BF9DC /* Frameworks */ = {
			isa = PBXFrameworksBuildPhase;
			buildActionMask = 2147483647;
			files = (
				441FC5051462D8E1007BF9DC /* SenTestingKit.framework in Frameworks */,
				441FC5061462D8E1007BF9DC /* Cocoa.framework in Frameworks */,
			);
			runOnlyForDeploymentPostprocessing = 0;
		};
/* End PBXFrameworksBuildPhase section */

/* Begin PBXGroup section */
		441FC4D71462D8E1007BF9DC = {
			isa = PBXGroup;
			children = (
				441FC4EC1462D8E1007BF9DC /* JSONModeler */,
				441FC5091462D8E1007BF9DC /* JSONModelerTests */,
				441FC4E51462D8E1007BF9DC /* Frameworks */,
				441FC4E31462D8E1007BF9DC /* Products */,
			);
			sourceTree = "<group>";
		};
		441FC4E31462D8E1007BF9DC /* Products */ = {
			isa = PBXGroup;
			children = (
				441FC4E21462D8E1007BF9DC /* JSONModeler.app */,
				441FC5031462D8E1007BF9DC /* JSONModelerTests.octest */,
			);
			name = Products;
			sourceTree = "<group>";
		};
		441FC4E51462D8E1007BF9DC /* Frameworks */ = {
			isa = PBXGroup;
			children = (
				441FC4E61462D8E1007BF9DC /* Cocoa.framework */,
				441FC5041462D8E1007BF9DC /* SenTestingKit.framework */,
				441FC4E81462D8E1007BF9DC /* Other Frameworks */,
			);
			name = Frameworks;
			sourceTree = "<group>";
		};
		441FC4E81462D8E1007BF9DC /* Other Frameworks */ = {
			isa = PBXGroup;
			children = (
				441FC4E91462D8E1007BF9DC /* AppKit.framework */,
				441FC4EA1462D8E1007BF9DC /* CoreData.framework */,
				441FC4EB1462D8E1007BF9DC /* Foundation.framework */,
			);
			name = "Other Frameworks";
			sourceTree = "<group>";
		};
		441FC4EC1462D8E1007BF9DC /* JSONModeler */ = {
			isa = PBXGroup;
			children = (
				441FC51D1462D942007BF9DC /* Categories */,
				441FC5231462D9A5007BF9DC /* Model Controllers */,
				441FC5201462D979007BF9DC /* Resources */,
				441FC51E1462D949007BF9DC /* Singletons */,
				441FC51F1462D960007BF9DC /* Vendor */,
				441FC51C1462D93B007BF9DC /* View Controllers */,
				441FC51B1462D933007BF9DC /* Views */,
				441FC51A1462D92B007BF9DC /* Models */,
				441FC4F81462D8E1007BF9DC /* AppDelegate.h */,
				441FC4F91462D8E1007BF9DC /* AppDelegate.m */,
				441FC4FB1462D8E1007BF9DC /* MainMenu.xib */,
				441FC4ED1462D8E1007BF9DC /* Supporting Files */,
			);
			path = JSONModeler;
			sourceTree = "<group>";
		};
		441FC4ED1462D8E1007BF9DC /* Supporting Files */ = {
			isa = PBXGroup;
			children = (
				441FC4EE1462D8E1007BF9DC /* JSONModeler-Info.plist */,
				441FC4EF1462D8E1007BF9DC /* InfoPlist.strings */,
				441FC4F21462D8E1007BF9DC /* main.m */,
				441FC4F41462D8E1007BF9DC /* JSONModeler-Prefix.pch */,
				441FC4F51462D8E1007BF9DC /* Credits.rtf */,
			);
			name = "Supporting Files";
			sourceTree = "<group>";
		};
		441FC5091462D8E1007BF9DC /* JSONModelerTests */ = {
			isa = PBXGroup;
			children = (
				441FC50F1462D8E1007BF9DC /* JSONModelerTests.h */,
				441FC5101462D8E1007BF9DC /* JSONModelerTests.m */,
				441FC50A1462D8E1007BF9DC /* Supporting Files */,
			);
			path = JSONModelerTests;
			sourceTree = "<group>";
		};
		441FC50A1462D8E1007BF9DC /* Supporting Files */ = {
			isa = PBXGroup;
			children = (
				441FC50B1462D8E1007BF9DC /* JSONModelerTests-Info.plist */,
				441FC50C1462D8E1007BF9DC /* InfoPlist.strings */,
			);
			name = "Supporting Files";
			sourceTree = "<group>";
		};
		441FC51A1462D92B007BF9DC /* Models */ = {
			isa = PBXGroup;
			children = (
			);
			name = Models;
			sourceTree = "<group>";
		};
		441FC51B1462D933007BF9DC /* Views */ = {
			isa = PBXGroup;
			children = (
			);
			name = Views;
			sourceTree = "<group>";
		};
		441FC51C1462D93B007BF9DC /* View Controllers */ = {
			isa = PBXGroup;
			children = (
			);
			name = "View Controllers";
			sourceTree = "<group>";
		};
		441FC51D1462D942007BF9DC /* Categories */ = {
			isa = PBXGroup;
			children = (
			);
			name = Categories;
			sourceTree = "<group>";
		};
		441FC51E1462D949007BF9DC /* Singletons */ = {
			isa = PBXGroup;
			children = (
			);
			name = Singletons;
			path = ..;
			sourceTree = "<group>";
		};
		441FC51F1462D960007BF9DC /* Vendor */ = {
			isa = PBXGroup;
			children = (
				441FC52F1462E1C4007BF9DC /* AFNetworking */,
			);
			name = Vendor;
			sourceTree = "<group>";
		};
		441FC5201462D979007BF9DC /* Resources */ = {
			isa = PBXGroup;
			children = (
				441FC5221462D98A007BF9DC /* Audio */,
				441FC5211462D982007BF9DC /* Images */,
			);
			name = Resources;
			sourceTree = "<group>";
		};
		441FC5211462D982007BF9DC /* Images */ = {
			isa = PBXGroup;
			children = (
			);
			name = Images;
			sourceTree = "<group>";
		};
		441FC5221462D98A007BF9DC /* Audio */ = {
			isa = PBXGroup;
			children = (
			);
			name = Audio;
			sourceTree = "<group>";
		};
		441FC5231462D9A5007BF9DC /* Model Controllers */ = {
			isa = PBXGroup;
			children = (
				441FC5241462DBF6007BF9DC /* JSONFetcher.h */,
				441FC5251462DBF6007BF9DC /* JSONFetcher.m */,
				4415E44F1462F39900953014 /* JSONModeler.h */,
				4415E4501462F39900953014 /* JSONModeler.m */,
			);
			name = "Model Controllers";
			sourceTree = "<group>";
		};
		441FC52F1462E1C4007BF9DC /* AFNetworking */ = {
			isa = PBXGroup;
			children = (
				441FC5301462E1CF007BF9DC /* AFHTTPClient.h */,
				441FC5311462E1CF007BF9DC /* AFHTTPClient.m */,
				441FC5321462E1CF007BF9DC /* AFHTTPRequestOperation.h */,
				441FC5331462E1CF007BF9DC /* AFHTTPRequestOperation.m */,
				441FC5341462E1CF007BF9DC /* AFImageCache.h */,
				441FC5351462E1CF007BF9DC /* AFImageCache.m */,
				441FC5361462E1CF007BF9DC /* AFImageRequestOperation.h */,
				441FC5371462E1CF007BF9DC /* AFImageRequestOperation.m */,
				441FC53A1462E1CF007BF9DC /* AFNetworking.h */,
				441FC53B1462E1CF007BF9DC /* AFPropertyListRequestOperation.h */,
				441FC53C1462E1CF007BF9DC /* AFPropertyListRequestOperation.m */,
				441FC53D1462E1CF007BF9DC /* AFURLConnectionOperation.h */,
				441FC53E1462E1CF007BF9DC /* AFURLConnectionOperation.m */,
				441FC53F1462E1CF007BF9DC /* AFXMLRequestOperation.h */,
				441FC5401462E1CF007BF9DC /* AFXMLRequestOperation.m */,
			);
			name = AFNetworking;
			sourceTree = "<group>";
		};
/* End PBXGroup section */

/* Begin PBXNativeTarget section */
		441FC4E11462D8E1007BF9DC /* JSONModeler */ = {
			isa = PBXNativeTarget;
			buildConfigurationList = 441FC5141462D8E1007BF9DC /* Build configuration list for PBXNativeTarget "JSONModeler" */;
			buildPhases = (
				441FC4DE1462D8E1007BF9DC /* Sources */,
				441FC4DF1462D8E1007BF9DC /* Frameworks */,
				441FC4E01462D8E1007BF9DC /* Resources */,
			);
			buildRules = (
			);
			dependencies = (
			);
			name = JSONModeler;
			productName = JSONModeler;
			productReference = 441FC4E21462D8E1007BF9DC /* JSONModeler.app */;
			productType = "com.apple.product-type.application";
		};
		441FC5021462D8E1007BF9DC /* JSONModelerTests */ = {
			isa = PBXNativeTarget;
			buildConfigurationList = 441FC5171462D8E1007BF9DC /* Build configuration list for PBXNativeTarget "JSONModelerTests" */;
			buildPhases = (
				441FC4FE1462D8E1007BF9DC /* Sources */,
				441FC4FF1462D8E1007BF9DC /* Frameworks */,
				441FC5001462D8E1007BF9DC /* Resources */,
				441FC5011462D8E1007BF9DC /* ShellScript */,
			);
			buildRules = (
			);
			dependencies = (
				441FC5081462D8E1007BF9DC /* PBXTargetDependency */,
			);
			name = JSONModelerTests;
			productName = JSONModelerTests;
			productReference = 441FC5031462D8E1007BF9DC /* JSONModelerTests.octest */;
			productType = "com.apple.product-type.bundle";
		};
/* End PBXNativeTarget section */

/* Begin PBXProject section */
		441FC4D91462D8E1007BF9DC /* Project object */ = {
			isa = PBXProject;
			attributes = {
				LastUpgradeCheck = 0420;
				ORGANIZATIONNAME = "Nerdery Interactive Labs";
			};
			buildConfigurationList = 441FC4DC1462D8E1007BF9DC /* Build configuration list for PBXProject "JSONModeler" */;
			compatibilityVersion = "Xcode 3.2";
			developmentRegion = English;
			hasScannedForEncodings = 0;
			knownRegions = (
				en,
			);
			mainGroup = 441FC4D71462D8E1007BF9DC;
			productRefGroup = 441FC4E31462D8E1007BF9DC /* Products */;
			projectDirPath = "";
			projectRoot = "";
			targets = (
				441FC4E11462D8E1007BF9DC /* JSONModeler */,
				441FC5021462D8E1007BF9DC /* JSONModelerTests */,
			);
		};
/* End PBXProject section */

/* Begin PBXResourcesBuildPhase section */
		441FC4E01462D8E1007BF9DC /* Resources */ = {
			isa = PBXResourcesBuildPhase;
			buildActionMask = 2147483647;
			files = (
				441FC4F11462D8E1007BF9DC /* InfoPlist.strings in Resources */,
				441FC4F71462D8E1007BF9DC /* Credits.rtf in Resources */,
				441FC4FD1462D8E1007BF9DC /* MainMenu.xib in Resources */,
			);
			runOnlyForDeploymentPostprocessing = 0;
		};
		441FC5001462D8E1007BF9DC /* Resources */ = {
			isa = PBXResourcesBuildPhase;
			buildActionMask = 2147483647;
			files = (
				441FC50E1462D8E1007BF9DC /* InfoPlist.strings in Resources */,
			);
			runOnlyForDeploymentPostprocessing = 0;
		};
/* End PBXResourcesBuildPhase section */

/* Begin PBXShellScriptBuildPhase section */
		441FC5011462D8E1007BF9DC /* ShellScript */ = {
			isa = PBXShellScriptBuildPhase;
			buildActionMask = 2147483647;
			files = (
			);
			inputPaths = (
			);
			outputPaths = (
			);
			runOnlyForDeploymentPostprocessing = 0;
			shellPath = /bin/sh;
			shellScript = "# Run the unit tests in this test bundle.\n\"${SYSTEM_DEVELOPER_DIR}/Tools/RunUnitTests\"\n";
		};
/* End PBXShellScriptBuildPhase section */

/* Begin PBXSourcesBuildPhase section */
		441FC4DE1462D8E1007BF9DC /* Sources */ = {
			isa = PBXSourcesBuildPhase;
			buildActionMask = 2147483647;
			files = (
				441FC4F31462D8E1007BF9DC /* main.m in Sources */,
				441FC4FA1462D8E1007BF9DC /* AppDelegate.m in Sources */,
				441FC5261462DBF6007BF9DC /* JSONFetcher.m in Sources */,
				441FC5411462E1CF007BF9DC /* AFHTTPClient.m in Sources */,
				441FC5421462E1CF007BF9DC /* AFHTTPRequestOperation.m in Sources */,
				441FC5431462E1CF007BF9DC /* AFImageCache.m in Sources */,
				441FC5441462E1CF007BF9DC /* AFImageRequestOperation.m in Sources */,
				441FC5461462E1CF007BF9DC /* AFPropertyListRequestOperation.m in Sources */,
				441FC5471462E1CF007BF9DC /* AFURLConnectionOperation.m in Sources */,
				441FC5481462E1CF007BF9DC /* AFXMLRequestOperation.m in Sources */,
				4415E4511462F39900953014 /* JSONModeler.m in Sources */,
			);
			runOnlyForDeploymentPostprocessing = 0;
		};
		441FC4FE1462D8E1007BF9DC /* Sources */ = {
			isa = PBXSourcesBuildPhase;
			buildActionMask = 2147483647;
			files = (
				441FC5111462D8E1007BF9DC /* JSONModelerTests.m in Sources */,
			);
			runOnlyForDeploymentPostprocessing = 0;
		};
/* End PBXSourcesBuildPhase section */

/* Begin PBXTargetDependency section */
		441FC5081462D8E1007BF9DC /* PBXTargetDependency */ = {
			isa = PBXTargetDependency;
			target = 441FC4E11462D8E1007BF9DC /* JSONModeler */;
			targetProxy = 441FC5071462D8E1007BF9DC /* PBXContainerItemProxy */;
		};
/* End PBXTargetDependency section */

/* Begin PBXVariantGroup section */
		441FC4EF1462D8E1007BF9DC /* InfoPlist.strings */ = {
			isa = PBXVariantGroup;
			children = (
				441FC4F01462D8E1007BF9DC /* en */,
			);
			name = InfoPlist.strings;
			sourceTree = "<group>";
		};
		441FC4F51462D8E1007BF9DC /* Credits.rtf */ = {
			isa = PBXVariantGroup;
			children = (
				441FC4F61462D8E1007BF9DC /* en */,
			);
			name = Credits.rtf;
			sourceTree = "<group>";
		};
		441FC4FB1462D8E1007BF9DC /* MainMenu.xib */ = {
			isa = PBXVariantGroup;
			children = (
				441FC4FC1462D8E1007BF9DC /* en */,
			);
			name = MainMenu.xib;
			sourceTree = "<group>";
		};
		441FC50C1462D8E1007BF9DC /* InfoPlist.strings */ = {
			isa = PBXVariantGroup;
			children = (
				441FC50D1462D8E1007BF9DC /* en */,
			);
			name = InfoPlist.strings;
			sourceTree = "<group>";
		};
/* End PBXVariantGroup section */

/* Begin XCBuildConfiguration section */
		441FC5121462D8E1007BF9DC /* Debug */ = {
			isa = XCBuildConfiguration;
			buildSettings = {
				ALWAYS_SEARCH_USER_PATHS = NO;
				ARCHS = "$(ARCHS_STANDARD_64_BIT)";
				CLANG_ENABLE_OBJC_ARC = YES;
				COPY_PHASE_STRIP = NO;
				GCC_C_LANGUAGE_STANDARD = gnu99;
				GCC_DYNAMIC_NO_PIC = NO;
				GCC_ENABLE_OBJC_EXCEPTIONS = YES;
				GCC_OPTIMIZATION_LEVEL = 0;
				GCC_PREPROCESSOR_DEFINITIONS = (
					"DEBUG=1",
					"$(inherited)",
				);
				GCC_SYMBOLS_PRIVATE_EXTERN = NO;
				GCC_VERSION = com.apple.compilers.llvm.clang.1_0;
				GCC_WARN_64_TO_32_BIT_CONVERSION = YES;
				GCC_WARN_ABOUT_MISSING_PROTOTYPES = YES;
				GCC_WARN_ABOUT_RETURN_TYPE = YES;
				GCC_WARN_UNUSED_VARIABLE = YES;
				MACOSX_DEPLOYMENT_TARGET = 10.7;
				ONLY_ACTIVE_ARCH = YES;
				SDKROOT = macosx;
			};
			name = Debug;
		};
		441FC5131462D8E1007BF9DC /* Release */ = {
			isa = XCBuildConfiguration;
			buildSettings = {
				ALWAYS_SEARCH_USER_PATHS = NO;
				ARCHS = "$(ARCHS_STANDARD_64_BIT)";
				CLANG_ENABLE_OBJC_ARC = YES;
				COPY_PHASE_STRIP = YES;
				DEBUG_INFORMATION_FORMAT = "dwarf-with-dsym";
				GCC_C_LANGUAGE_STANDARD = gnu99;
				GCC_ENABLE_OBJC_EXCEPTIONS = YES;
				GCC_VERSION = com.apple.compilers.llvm.clang.1_0;
				GCC_WARN_64_TO_32_BIT_CONVERSION = YES;
				GCC_WARN_ABOUT_MISSING_PROTOTYPES = YES;
				GCC_WARN_ABOUT_RETURN_TYPE = YES;
				GCC_WARN_UNUSED_VARIABLE = YES;
				MACOSX_DEPLOYMENT_TARGET = 10.7;
				SDKROOT = macosx;
			};
			name = Release;
		};
		441FC5151462D8E1007BF9DC /* Debug */ = {
			isa = XCBuildConfiguration;
			buildSettings = {
				GCC_PRECOMPILE_PREFIX_HEADER = YES;
				GCC_PREFIX_HEADER = "JSONModeler/JSONModeler-Prefix.pch";
				INFOPLIST_FILE = "JSONModeler/JSONModeler-Info.plist";
				PRODUCT_NAME = "$(TARGET_NAME)";
				WRAPPER_EXTENSION = app;
			};
			name = Debug;
		};
		441FC5161462D8E1007BF9DC /* Release */ = {
			isa = XCBuildConfiguration;
			buildSettings = {
				GCC_PRECOMPILE_PREFIX_HEADER = YES;
				GCC_PREFIX_HEADER = "JSONModeler/JSONModeler-Prefix.pch";
				INFOPLIST_FILE = "JSONModeler/JSONModeler-Info.plist";
				PRODUCT_NAME = "$(TARGET_NAME)";
				WRAPPER_EXTENSION = app;
			};
			name = Release;
		};
		441FC5181462D8E1007BF9DC /* Debug */ = {
			isa = XCBuildConfiguration;
			buildSettings = {
				BUNDLE_LOADER = "$(BUILT_PRODUCTS_DIR)/JSONModeler.app/Contents/MacOS/JSONModeler";
				FRAMEWORK_SEARCH_PATHS = "$(DEVELOPER_LIBRARY_DIR)/Frameworks";
				GCC_PRECOMPILE_PREFIX_HEADER = YES;
				GCC_PREFIX_HEADER = "JSONModeler/JSONModeler-Prefix.pch";
				INFOPLIST_FILE = "JSONModelerTests/JSONModelerTests-Info.plist";
				PRODUCT_NAME = "$(TARGET_NAME)";
				TEST_HOST = "$(BUNDLE_LOADER)";
				WRAPPER_EXTENSION = octest;
			};
			name = Debug;
		};
		441FC5191462D8E1007BF9DC /* Release */ = {
			isa = XCBuildConfiguration;
			buildSettings = {
				BUNDLE_LOADER = "$(BUILT_PRODUCTS_DIR)/JSONModeler.app/Contents/MacOS/JSONModeler";
				FRAMEWORK_SEARCH_PATHS = "$(DEVELOPER_LIBRARY_DIR)/Frameworks";
				GCC_PRECOMPILE_PREFIX_HEADER = YES;
				GCC_PREFIX_HEADER = "JSONModeler/JSONModeler-Prefix.pch";
				INFOPLIST_FILE = "JSONModelerTests/JSONModelerTests-Info.plist";
				PRODUCT_NAME = "$(TARGET_NAME)";
				TEST_HOST = "$(BUNDLE_LOADER)";
				WRAPPER_EXTENSION = octest;
			};
			name = Release;
		};
/* End XCBuildConfiguration section */

/* Begin XCConfigurationList section */
		441FC4DC1462D8E1007BF9DC /* Build configuration list for PBXProject "JSONModeler" */ = {
			isa = XCConfigurationList;
			buildConfigurations = (
				441FC5121462D8E1007BF9DC /* Debug */,
				441FC5131462D8E1007BF9DC /* Release */,
			);
			defaultConfigurationIsVisible = 0;
			defaultConfigurationName = Release;
		};
		441FC5141462D8E1007BF9DC /* Build configuration list for PBXNativeTarget "JSONModeler" */ = {
			isa = XCConfigurationList;
			buildConfigurations = (
				441FC5151462D8E1007BF9DC /* Debug */,
				441FC5161462D8E1007BF9DC /* Release */,
			);
			defaultConfigurationIsVisible = 0;
			defaultConfigurationName = Release;
		};
		441FC5171462D8E1007BF9DC /* Build configuration list for PBXNativeTarget "JSONModelerTests" */ = {
			isa = XCConfigurationList;
			buildConfigurations = (
				441FC5181462D8E1007BF9DC /* Debug */,
				441FC5191462D8E1007BF9DC /* Release */,
			);
			defaultConfigurationIsVisible = 0;
			defaultConfigurationName = Release;
		};
/* End XCConfigurationList section */
	};
	rootObject = 441FC4D91462D8E1007BF9DC /* Project object */;
}
