// !$*UTF8*$!
{
	archiveVersion = 1;
	classes = {
	};
	objectVersion = 46;
	objects = {

/* Begin PBXBuildFile section */
		441FC4E71462D8E1007BF9DC /* Cocoa.framework in Frameworks */ = {isa = PBXBuildFile; fileRef = 441FC4E61462D8E1007BF9DC /* Cocoa.framework */; };
		441FC4F11462D8E1007BF9DC /* InfoPlist.strings in Resources */ = {isa = PBXBuildFile; fileRef = 441FC4EF1462D8E1007BF9DC /* InfoPlist.strings */; };
		441FC4F31462D8E1007BF9DC /* main.m in Sources */ = {isa = PBXBuildFile; fileRef = 441FC4F21462D8E1007BF9DC /* main.m */; };
		441FC4F71462D8E1007BF9DC /* Credits.rtf in Resources */ = {isa = PBXBuildFile; fileRef = 441FC4F51462D8E1007BF9DC /* Credits.rtf */; };
		441FC4FA1462D8E1007BF9DC /* NILAppDelegate.m in Sources */ = {isa = PBXBuildFile; fileRef = 441FC4F91462D8E1007BF9DC /* NILAppDelegate.m */; };
		441FC4FD1462D8E1007BF9DC /* MainMenu.xib in Resources */ = {isa = PBXBuildFile; fileRef = 441FC4FB1462D8E1007BF9DC /* MainMenu.xib */; };
		441FC5051462D8E1007BF9DC /* SenTestingKit.framework in Frameworks */ = {isa = PBXBuildFile; fileRef = 441FC5041462D8E1007BF9DC /* SenTestingKit.framework */; };
		441FC5061462D8E1007BF9DC /* Cocoa.framework in Frameworks */ = {isa = PBXBuildFile; fileRef = 441FC4E61462D8E1007BF9DC /* Cocoa.framework */; };
		441FC50E1462D8E1007BF9DC /* InfoPlist.strings in Resources */ = {isa = PBXBuildFile; fileRef = 441FC50C1462D8E1007BF9DC /* InfoPlist.strings */; };
		441FC5111462D8E1007BF9DC /* JSONModelerTests.m in Sources */ = {isa = PBXBuildFile; fileRef = 441FC5101462D8E1007BF9DC /* JSONModelerTests.m */; };
/* End PBXBuildFile section */

/* Begin PBXContainerItemProxy section */
		441FC5071462D8E1007BF9DC /* PBXContainerItemProxy */ = {
			isa = PBXContainerItemProxy;
			containerPortal = 441FC4D91462D8E1007BF9DC /* Project object */;
			proxyType = 1;
			remoteGlobalIDString = 441FC4E11462D8E1007BF9DC;
			remoteInfo = JSONModeler;
		};
/* End PBXContainerItemProxy section */

/* Begin PBXFileReference section */
		441FC4E21462D8E1007BF9DC /* JSONModeler.app */ = {isa = PBXFileReference; explicitFileType = wrapper.application; includeInIndex = 0; path = JSONModeler.app; sourceTree = BUILT_PRODUCTS_DIR; };
		441FC4E61462D8E1007BF9DC /* Cocoa.framework */ = {isa = PBXFileReference; lastKnownFileType = wrapper.framework; name = Cocoa.framework; path = System/Library/Frameworks/Cocoa.framework; sourceTree = SDKROOT; };
		441FC4E91462D8E1007BF9DC /* AppKit.framework */ = {isa = PBXFileReference; lastKnownFileType = wrapper.framework; name = AppKit.framework; path = System/Library/Frameworks/AppKit.framework; sourceTree = SDKROOT; };
		441FC4EA1462D8E1007BF9DC /* CoreData.framework */ = {isa = PBXFileReference; lastKnownFileType = wrapper.framework; name = CoreData.framework; path = System/Library/Frameworks/CoreData.framework; sourceTree = SDKROOT; };
		441FC4EB1462D8E1007BF9DC /* Foundation.framework */ = {isa = PBXFileReference; lastKnownFileType = wrapper.framework; name = Foundation.framework; path = System/Library/Frameworks/Foundation.framework; sourceTree = SDKROOT; };
		441FC4EE1462D8E1007BF9DC /* JSONModeler-Info.plist */ = {isa = PBXFileReference; lastKnownFileType = text.plist.xml; path = "JSONModeler-Info.plist"; sourceTree = "<group>"; };
		441FC4F01462D8E1007BF9DC /* en */ = {isa = PBXFileReference; lastKnownFileType = text.plist.strings; name = en; path = en.lproj/InfoPlist.strings; sourceTree = "<group>"; };
		441FC4F21462D8E1007BF9DC /* main.m */ = {isa = PBXFileReference; lastKnownFileType = sourcecode.c.objc; path = main.m; sourceTree = "<group>"; };
		441FC4F41462D8E1007BF9DC /* JSONModeler-Prefix.pch */ = {isa = PBXFileReference; lastKnownFileType = sourcecode.c.h; path = "JSONModeler-Prefix.pch"; sourceTree = "<group>"; };
		441FC4F61462D8E1007BF9DC /* en */ = {isa = PBXFileReference; lastKnownFileType = text.rtf; name = en; path = en.lproj/Credits.rtf; sourceTree = "<group>"; };
		441FC4F81462D8E1007BF9DC /* NILAppDelegate.h */ = {isa = PBXFileReference; lastKnownFileType = sourcecode.c.h; path = NILAppDelegate.h; sourceTree = "<group>"; };
		441FC4F91462D8E1007BF9DC /* NILAppDelegate.m */ = {isa = PBXFileReference; lastKnownFileType = sourcecode.c.objc; path = NILAppDelegate.m; sourceTree = "<group>"; };
		441FC4FC1462D8E1007BF9DC /* en */ = {isa = PBXFileReference; lastKnownFileType = file.xib; name = en; path = en.lproj/MainMenu.xib; sourceTree = "<group>"; };
		441FC5031462D8E1007BF9DC /* JSONModelerTests.octest */ = {isa = PBXFileReference; explicitFileType = wrapper.cfbundle; includeInIndex = 0; path = JSONModelerTests.octest; sourceTree = BUILT_PRODUCTS_DIR; };
		441FC5041462D8E1007BF9DC /* SenTestingKit.framework */ = {isa = PBXFileReference; lastKnownFileType = wrapper.framework; name = SenTestingKit.framework; path = Library/Frameworks/SenTestingKit.framework; sourceTree = DEVELOPER_DIR; };
		441FC50B1462D8E1007BF9DC /* JSONModelerTests-Info.plist */ = {isa = PBXFileReference; lastKnownFileType = text.plist.xml; path = "JSONModelerTests-Info.plist"; sourceTree = "<group>"; };
		441FC50D1462D8E1007BF9DC /* en */ = {isa = PBXFileReference; lastKnownFileType = text.plist.strings; name = en; path = en.lproj/InfoPlist.strings; sourceTree = "<group>"; };
		441FC50F1462D8E1007BF9DC /* JSONModelerTests.h */ = {isa = PBXFileReference; lastKnownFileType = sourcecode.c.h; path = JSONModelerTests.h; sourceTree = "<group>"; };
		441FC5101462D8E1007BF9DC /* JSONModelerTests.m */ = {isa = PBXFileReference; lastKnownFileType = sourcecode.c.objc; path = JSONModelerTests.m; sourceTree = "<group>"; };
/* End PBXFileReference section */

/* Begin PBXFrameworksBuildPhase section */
		441FC4DF1462D8E1007BF9DC /* Frameworks */ = {
			isa = PBXFrameworksBuildPhase;
			buildActionMask = 2147483647;
			files = (
				441FC4E71462D8E1007BF9DC /* Cocoa.framework in Frameworks */,
			);
			runOnlyForDeploymentPostprocessing = 0;
		};
		441FC4FF1462D8E1007BF9DC /* Frameworks */ = {
			isa = PBXFrameworksBuildPhase;
			buildActionMask = 2147483647;
			files = (
				441FC5051462D8E1007BF9DC /* SenTestingKit.framework in Frameworks */,
				441FC5061462D8E1007BF9DC /* Cocoa.framework in Frameworks */,
			);
			runOnlyForDeploymentPostprocessing = 0;
		};
/* End PBXFrameworksBuildPhase section */

/* Begin PBXGroup section */
		441FC4D71462D8E1007BF9DC = {
			isa = PBXGroup;
			children = (
				441FC4EC1462D8E1007BF9DC /* JSONModeler */,
				441FC5091462D8E1007BF9DC /* JSONModelerTests */,
				441FC4E51462D8E1007BF9DC /* Frameworks */,
				441FC4E31462D8E1007BF9DC /* Products */,
			);
			sourceTree = "<group>";
		};
		441FC4E31462D8E1007BF9DC /* Products */ = {
			isa = PBXGroup;
			children = (
				441FC4E21462D8E1007BF9DC /* JSONModeler.app */,
				441FC5031462D8E1007BF9DC /* JSONModelerTests.octest */,
			);
			name = Products;
			sourceTree = "<group>";
		};
		441FC4E51462D8E1007BF9DC /* Frameworks */ = {
			isa = PBXGroup;
			children = (
				441FC4E61462D8E1007BF9DC /* Cocoa.framework */,
				441FC5041462D8E1007BF9DC /* SenTestingKit.framework */,
				441FC4E81462D8E1007BF9DC /* Other Frameworks */,
			);
			name = Frameworks;
			sourceTree = "<group>";
		};
		441FC4E81462D8E1007BF9DC /* Other Frameworks */ = {
			isa = PBXGroup;
			children = (
				441FC4E91462D8E1007BF9DC /* AppKit.framework */,
				441FC4EA1462D8E1007BF9DC /* CoreData.framework */,
				441FC4EB1462D8E1007BF9DC /* Foundation.framework */,
			);
			name = "Other Frameworks";
			sourceTree = "<group>";
		};
		441FC4EC1462D8E1007BF9DC /* JSONModeler */ = {
			isa = PBXGroup;
			children = (
				441FC4F81462D8E1007BF9DC /* NILAppDelegate.h */,
				441FC4F91462D8E1007BF9DC /* NILAppDelegate.m */,
				441FC4FB1462D8E1007BF9DC /* MainMenu.xib */,
				441FC4ED1462D8E1007BF9DC /* Supporting Files */,
			);
			path = JSONModeler;
			sourceTree = "<group>";
		};
		441FC4ED1462D8E1007BF9DC /* Supporting Files */ = {
			isa = PBXGroup;
			children = (
				441FC4EE1462D8E1007BF9DC /* JSONModeler-Info.plist */,
				441FC4EF1462D8E1007BF9DC /* InfoPlist.strings */,
				441FC4F21462D8E1007BF9DC /* main.m */,
				441FC4F41462D8E1007BF9DC /* JSONModeler-Prefix.pch */,
				441FC4F51462D8E1007BF9DC /* Credits.rtf */,
			);
			name = "Supporting Files";
			sourceTree = "<group>";
		};
		441FC5091462D8E1007BF9DC /* JSONModelerTests */ = {
			isa = PBXGroup;
			children = (
				441FC50F1462D8E1007BF9DC /* JSONModelerTests.h */,
				441FC5101462D8E1007BF9DC /* JSONModelerTests.m */,
				441FC50A1462D8E1007BF9DC /* Supporting Files */,
			);
			path = JSONModelerTests;
			sourceTree = "<group>";
		};
		441FC50A1462D8E1007BF9DC /* Supporting Files */ = {
			isa = PBXGroup;
			children = (
				441FC50B1462D8E1007BF9DC /* JSONModelerTests-Info.plist */,
				441FC50C1462D8E1007BF9DC /* InfoPlist.strings */,
			);
			name = "Supporting Files";
			sourceTree = "<group>";
		};
/* End PBXGroup section */

/* Begin PBXNativeTarget section */
		441FC4E11462D8E1007BF9DC /* JSONModeler */ = {
			isa = PBXNativeTarget;
			buildConfigurationList = 441FC5141462D8E1007BF9DC /* Build configuration list for PBXNativeTarget "JSONModeler" */;
			buildPhases = (
				441FC4DE1462D8E1007BF9DC /* Sources */,
				441FC4DF1462D8E1007BF9DC /* Frameworks */,
				441FC4E01462D8E1007BF9DC /* Resources */,
			);
			buildRules = (
			);
			dependencies = (
			);
			name = JSONModeler;
			productName = JSONModeler;
			productReference = 441FC4E21462D8E1007BF9DC /* JSONModeler.app */;
			productType = "com.apple.product-type.application";
		};
		441FC5021462D8E1007BF9DC /* JSONModelerTests */ = {
			isa = PBXNativeTarget;
			buildConfigurationList = 441FC5171462D8E1007BF9DC /* Build configuration list for PBXNativeTarget "JSONModelerTests" */;
			buildPhases = (
				441FC4FE1462D8E1007BF9DC /* Sources */,
				441FC4FF1462D8E1007BF9DC /* Frameworks */,
				441FC5001462D8E1007BF9DC /* Resources */,
				441FC5011462D8E1007BF9DC /* ShellScript */,
			);
			buildRules = (
			);
			dependencies = (
				441FC5081462D8E1007BF9DC /* PBXTargetDependency */,
			);
			name = JSONModelerTests;
			productName = JSONModelerTests;
			productReference = 441FC5031462D8E1007BF9DC /* JSONModelerTests.octest */;
			productType = "com.apple.product-type.bundle";
		};
/* End PBXNativeTarget section */

/* Begin PBXProject section */
		441FC4D91462D8E1007BF9DC /* Project object */ = {
			isa = PBXProject;
			attributes = {
				LastUpgradeCheck = 0420;
			};
			buildConfigurationList = 441FC4DC1462D8E1007BF9DC /* Build configuration list for PBXProject "JSONModeler" */;
			compatibilityVersion = "Xcode 3.2";
			developmentRegion = English;
			hasScannedForEncodings = 0;
			knownRegions = (
				en,
			);
			mainGroup = 441FC4D71462D8E1007BF9DC;
			productRefGroup = 441FC4E31462D8E1007BF9DC /* Products */;
			projectDirPath = "";
			projectRoot = "";
			targets = (
				441FC4E11462D8E1007BF9DC /* JSONModeler */,
				441FC5021462D8E1007BF9DC /* JSONModelerTests */,
			);
		};
/* End PBXProject section */

/* Begin PBXResourcesBuildPhase section */
		441FC4E01462D8E1007BF9DC /* Resources */ = {
			isa = PBXResourcesBuildPhase;
			buildActionMask = 2147483647;
			files = (
				441FC4F11462D8E1007BF9DC /* InfoPlist.strings in Resources */,
				441FC4F71462D8E1007BF9DC /* Credits.rtf in Resources */,
				441FC4FD1462D8E1007BF9DC /* MainMenu.xib in Resources */,
			);
			runOnlyForDeploymentPostprocessing = 0;
		};
		441FC5001462D8E1007BF9DC /* Resources */ = {
			isa = PBXResourcesBuildPhase;
			buildActionMask = 2147483647;
			files = (
				441FC50E1462D8E1007BF9DC /* InfoPlist.strings in Resources */,
			);
			runOnlyForDeploymentPostprocessing = 0;
		};
/* End PBXResourcesBuildPhase section */

/* Begin PBXShellScriptBuildPhase section */
		441FC5011462D8E1007BF9DC /* ShellScript */ = {
			isa = PBXShellScriptBuildPhase;
			buildActionMask = 2147483647;
			files = (
			);
			inputPaths = (
			);
			outputPaths = (
			);
			runOnlyForDeploymentPostprocessing = 0;
			shellPath = /bin/sh;
			shellScript = "# Run the unit tests in this test bundle.\n\"${SYSTEM_DEVELOPER_DIR}/Tools/RunUnitTests\"\n";
		};
/* End PBXShellScriptBuildPhase section */

/* Begin PBXSourcesBuildPhase section */
		441FC4DE1462D8E1007BF9DC /* Sources */ = {
			isa = PBXSourcesBuildPhase;
			buildActionMask = 2147483647;
			files = (
				441FC4F31462D8E1007BF9DC /* main.m in Sources */,
				441FC4FA1462D8E1007BF9DC /* NILAppDelegate.m in Sources */,
			);
			runOnlyForDeploymentPostprocessing = 0;
		};
		441FC4FE1462D8E1007BF9DC /* Sources */ = {
			isa = PBXSourcesBuildPhase;
			buildActionMask = 2147483647;
			files = (
				441FC5111462D8E1007BF9DC /* JSONModelerTests.m in Sources */,
			);
			runOnlyForDeploymentPostprocessing = 0;
		};
/* End PBXSourcesBuildPhase section */

/* Begin PBXTargetDependency section */
		441FC5081462D8E1007BF9DC /* PBXTargetDependency */ = {
			isa = PBXTargetDependency;
			target = 441FC4E11462D8E1007BF9DC /* JSONModeler */;
			targetProxy = 441FC5071462D8E1007BF9DC /* PBXContainerItemProxy */;
		};
/* End PBXTargetDependency section */

/* Begin PBXVariantGroup section */
		441FC4EF1462D8E1007BF9DC /* InfoPlist.strings */ = {
			isa = PBXVariantGroup;
			children = (
				441FC4F01462D8E1007BF9DC /* en */,
			);
			name = InfoPlist.strings;
			sourceTree = "<group>";
		};
		441FC4F51462D8E1007BF9DC /* Credits.rtf */ = {
			isa = PBXVariantGroup;
			children = (
				441FC4F61462D8E1007BF9DC /* en */,
			);
			name = Credits.rtf;
			sourceTree = "<group>";
		};
		441FC4FB1462D8E1007BF9DC /* MainMenu.xib */ = {
			isa = PBXVariantGroup;
			children = (
				441FC4FC1462D8E1007BF9DC /* en */,
			);
			name = MainMenu.xib;
			sourceTree = "<group>";
		};
		441FC50C1462D8E1007BF9DC /* InfoPlist.strings */ = {
			isa = PBXVariantGroup;
			children = (
				441FC50D1462D8E1007BF9DC /* en */,
			);
			name = InfoPlist.strings;
			sourceTree = "<group>";
		};
/* End PBXVariantGroup section */

/* Begin XCBuildConfiguration section */
		441FC5121462D8E1007BF9DC /* Debug */ = {
			isa = XCBuildConfiguration;
			buildSettings = {
				ALWAYS_SEARCH_USER_PATHS = NO;
				ARCHS = "$(ARCHS_STANDARD_64_BIT)";
				CLANG_ENABLE_OBJC_ARC = YES;
				COPY_PHASE_STRIP = NO;
				GCC_C_LANGUAGE_STANDARD = gnu99;
				GCC_DYNAMIC_NO_PIC = NO;
				GCC_ENABLE_OBJC_EXCEPTIONS = YES;
				GCC_OPTIMIZATION_LEVEL = 0;
				GCC_PREPROCESSOR_DEFINITIONS = (
					"DEBUG=1",
					"$(inherited)",
				);
				GCC_SYMBOLS_PRIVATE_EXTERN = NO;
				GCC_VERSION = com.apple.compilers.llvm.clang.1_0;
				GCC_WARN_64_TO_32_BIT_CONVERSION = YES;
				GCC_WARN_ABOUT_MISSING_PROTOTYPES = YES;
				GCC_WARN_ABOUT_RETURN_TYPE = YES;
				GCC_WARN_UNUSED_VARIABLE = YES;
				MACOSX_DEPLOYMENT_TARGET = 10.7;
				ONLY_ACTIVE_ARCH = YES;
				SDKROOT = macosx;
			};
			name = Debug;
		};
		441FC5131462D8E1007BF9DC /* Release */ = {
			isa = XCBuildConfiguration;
			buildSettings = {
				ALWAYS_SEARCH_USER_PATHS = NO;
				ARCHS = "$(ARCHS_STANDARD_64_BIT)";
				CLANG_ENABLE_OBJC_ARC = YES;
				COPY_PHASE_STRIP = YES;
				DEBUG_INFORMATION_FORMAT = "dwarf-with-dsym";
				GCC_C_LANGUAGE_STANDARD = gnu99;
				GCC_ENABLE_OBJC_EXCEPTIONS = YES;
				GCC_VERSION = com.apple.compilers.llvm.clang.1_0;
				GCC_WARN_64_TO_32_BIT_CONVERSION = YES;
				GCC_WARN_ABOUT_MISSING_PROTOTYPES = YES;
				GCC_WARN_ABOUT_RETURN_TYPE = YES;
				GCC_WARN_UNUSED_VARIABLE = YES;
				MACOSX_DEPLOYMENT_TARGET = 10.7;
				SDKROOT = macosx;
			};
			name = Release;
		};
		441FC5151462D8E1007BF9DC /* Debug */ = {
			isa = XCBuildConfiguration;
			buildSettings = {
				GCC_PRECOMPILE_PREFIX_HEADER = YES;
				GCC_PREFIX_HEADER = "JSONModeler/JSONModeler-Prefix.pch";
				INFOPLIST_FILE = "JSONModeler/JSONModeler-Info.plist";
				PRODUCT_NAME = "$(TARGET_NAME)";
				WRAPPER_EXTENSION = app;
			};
			name = Debug;
		};
		441FC5161462D8E1007BF9DC /* Release */ = {
			isa = XCBuildConfiguration;
			buildSettings = {
				GCC_PRECOMPILE_PREFIX_HEADER = YES;
				GCC_PREFIX_HEADER = "JSONModeler/JSONModeler-Prefix.pch";
				INFOPLIST_FILE = "JSONModeler/JSONModeler-Info.plist";
				PRODUCT_NAME = "$(TARGET_NAME)";
				WRAPPER_EXTENSION = app;
			};
			name = Release;
		};
		441FC5181462D8E1007BF9DC /* Debug */ = {
			isa = XCBuildConfiguration;
			buildSettings = {
				BUNDLE_LOADER = "$(BUILT_PRODUCTS_DIR)/JSONModeler.app/Contents/MacOS/JSONModeler";
				FRAMEWORK_SEARCH_PATHS = "$(DEVELOPER_LIBRARY_DIR)/Frameworks";
				GCC_PRECOMPILE_PREFIX_HEADER = YES;
				GCC_PREFIX_HEADER = "JSONModeler/JSONModeler-Prefix.pch";
				INFOPLIST_FILE = "JSONModelerTests/JSONModelerTests-Info.plist";
				PRODUCT_NAME = "$(TARGET_NAME)";
				TEST_HOST = "$(BUNDLE_LOADER)";
				WRAPPER_EXTENSION = octest;
			};
			name = Debug;
		};
		441FC5191462D8E1007BF9DC /* Release */ = {
			isa = XCBuildConfiguration;
			buildSettings = {
				BUNDLE_LOADER = "$(BUILT_PRODUCTS_DIR)/JSONModeler.app/Contents/MacOS/JSONModeler";
				FRAMEWORK_SEARCH_PATHS = "$(DEVELOPER_LIBRARY_DIR)/Frameworks";
				GCC_PRECOMPILE_PREFIX_HEADER = YES;
				GCC_PREFIX_HEADER = "JSONModeler/JSONModeler-Prefix.pch";
				INFOPLIST_FILE = "JSONModelerTests/JSONModelerTests-Info.plist";
				PRODUCT_NAME = "$(TARGET_NAME)";
				TEST_HOST = "$(BUNDLE_LOADER)";
				WRAPPER_EXTENSION = octest;
			};
			name = Release;
		};
/* End XCBuildConfiguration section */

/* Begin XCConfigurationList section */
		441FC4DC1462D8E1007BF9DC /* Build configuration list for PBXProject "JSONModeler" */ = {
			isa = XCConfigurationList;
			buildConfigurations = (
				441FC5121462D8E1007BF9DC /* Debug */,
				441FC5131462D8E1007BF9DC /* Release */,
			);
			defaultConfigurationIsVisible = 0;
			defaultConfigurationName = Release;
		};
		441FC5141462D8E1007BF9DC /* Build configuration list for PBXNativeTarget "JSONModeler" */ = {
			isa = XCConfigurationList;
			buildConfigurations = (
				441FC5151462D8E1007BF9DC /* Debug */,
				441FC5161462D8E1007BF9DC /* Release */,
			);
			defaultConfigurationIsVisible = 0;
		};
		441FC5171462D8E1007BF9DC /* Build configuration list for PBXNativeTarget "JSONModelerTests" */ = {
			isa = XCConfigurationList;
			buildConfigurations = (
				441FC5181462D8E1007BF9DC /* Debug */,
				441FC5191462D8E1007BF9DC /* Release */,
			);
			defaultConfigurationIsVisible = 0;
		};
/* End XCConfigurationList section */
	};
	rootObject = 441FC4D91462D8E1007BF9DC /* Project object */;
}
