PODS:
  - AFNetworking (1.3.1)
  - iRate (1.7.5)
  - MASPreferences (1.0)

DEPENDENCIES:
  - AFNetworking
  - iRate
  - MASPreferences (= 1.0)

SPEC CHECKSUMS:
  AFNetworking: 9ec8aafb9269236a7630bd8d9838ce2ba30fa2a0
  iRate: 8de5eaeca627c7708c8aec279eeb8daf2551c774
  MASPreferences: b8c112b4b6e6cbd32b8f49d249eb152d1eeb38f8

COCOAPODS: 0.22.3
